{
  "originHash" : "8afad074c048e6f6fd33a5435dbd3e00168338684fd844da740d0d418d014169",
  "pins" : [
    {
      "identity" : "swift-fsrs",
      "kind" : "remoteSourceControl",
      "location" : "https://github.com/4rays/swift-fsrs",
      "state" : {
        "branch" : "main",
        "revision" : "6779d34a76c90d8a9be9aa13724365d951f6f819"
      }
    }
  ],
  "version" : 3
}
